// !$*UTF8*$!
{
	archiveVersion = 1;
	classes = {
	};
	objectVersion = 56;
	objects = {

/* Begin PBXBuildFile section */
		BDA899CA2BB9CC9E00D141C4 /* AppDelegate.swift in Sources */ = {isa = PBXBuildFile; fileRef = BDA899C92BB9CC9E00D141C4 /* AppDelegate.swift */; };
		BDA899CC2BB9CC9E00D141C4 /* SceneDelegate.swift in Sources */ = {isa = PBXBuildFile; fileRef = BDA899CB2BB9CC9E00D141C4 /* SceneDelegate.swift */; };
		BDA899CE2BB9CC9E00D141C4 /* ViewController.swift in Sources */ = {isa = PBXBuildFile; fileRef = BDA899CD2BB9CC9E00D141C4 /* ViewController.swift */; };
		BDA899D12BB9CC9E00D141C4 /* Base in Resources */ = {isa = PBXBuildFile; fileRef = BDA899D02BB9CC9E00D141C4 /* Base */; };
		BDA899D32BB9CCA000D141C4 /* Assets.xcassets in Resources */ = {isa = PBXBuildFile; fileRef = BDA899D22BB9CCA000D141C4 /* Assets.xcassets */; };
		BDA899D62BB9CCA000D141C4 /* Base in Resources */ = {isa = PBXBuildFile; fileRef = BDA899D52BB9CCA000D141C4 /* Base */; };
		BDA899E12BB9CCA000D141C4 /* I_Am_PoorTests.swift in Sources */ = {isa = PBXBuildFile; fileRef = BDA899E02BB9CCA000D141C4 /* I_Am_PoorTests.swift */; };
		BDA899EB2BB9CCA000D141C4 /* I_Am_PoorUITests.swift in Sources */ = {isa = PBXBuildFile; fileRef = BDA899EA2BB9CCA000D141C4 /* I_Am_PoorUITests.swift */; };
		BDA899ED2BB9CCA000D141C4 /* I_Am_PoorUITestsLaunchTests.swift in Sources */ = {isa = PBXBuildFile; fileRef = BDA899EC2BB9CCA000D141C4 /* I_Am_PoorUITestsLaunchTests.swift */; };
/* End PBXBuildFile section */

/* Begin PBXContainerItemProxy section */
		BDA899DD2BB9CCA000D141C4 /* PBXContainerItemProxy */ = {
			isa = PBXContainerItemProxy;
			containerPortal = BDA899BE2BB9CC9E00D141C4 /* Project object */;
			proxyType = 1;
			remoteGlobalIDString = BDA899C52BB9CC9E00D141C4;
			remoteInfo = "I Am Poor";
		};
		BDA899E72BB9CCA000D141C4 /* PBXContainerItemProxy */ = {
			isa = PBXContainerItemProxy;
			containerPortal = BDA899BE2BB9CC9E00D141C4 /* Project object */;
			proxyType = 1;
			remoteGlobalIDString = BDA899C52BB9CC9E00D141C4;
			remoteInfo = "I Am Poor";
		};
/* End PBXContainerItemProxy section */

/* Begin PBXFileReference section */
		BDA899C62BB9CC9E00D141C4 /* I Am Poor.app */ = {isa = PBXFileReference; explicitFileType = wrapper.application; includeInIndex = 0; path = "I Am Poor.app"; sourceTree = BUILT_PRODUCTS_DIR; };
		BDA899C92BB9CC9E00D141C4 /* AppDelegate.swift */ = {isa = PBXFileReference; lastKnownFileType = sourcecode.swift; path = AppDelegate.swift; sourceTree = "<group>"; };
		BDA899CB2BB9CC9E00D141C4 /* SceneDelegate.swift */ = {isa = PBXFileReference; lastKnownFileType = sourcecode.swift; path = SceneDelegate.swift; sourceTree = "<group>"; };
		BDA899CD2BB9CC9E00D141C4 /* ViewController.swift */ = {isa = PBXFileReference; lastKnownFileType = sourcecode.swift; path = ViewController.swift; sourceTree = "<group>"; };
		BDA899D02BB9CC9E00D141C4 /* Base */ = {isa = PBXFileReference; lastKnownFileType = file.storyboard; name = Base; path = Base.lproj/Main.storyboard; sourceTree = "<group>"; };
		BDA899D22BB9CCA000D141C4 /* Assets.xcassets */ = {isa = PBXFileReference; lastKnownFileType = folder.assetcatalog; path = Assets.xcassets; sourceTree = "<group>"; };
		BDA899D52BB9CCA000D141C4 /* Base */ = {isa = PBXFileReference; lastKnownFileType = file.storyboard; name = Base; path = Base.lproj/LaunchScreen.storyboard; sourceTree = "<group>"; };
		BDA899D72BB9CCA000D141C4 /* Info.plist */ = {isa = PBXFileReference; lastKnownFileType = text.plist.xml; path = Info.plist; sourceTree = "<group>"; };
		BDA899DC2BB9CCA000D141C4 /* I Am PoorTests.xctest */ = {isa = PBXFileReference; explicitFileType = wrapper.cfbundle; includeInIndex = 0; path = "I Am PoorTests.xctest"; sourceTree = BUILT_PRODUCTS_DIR; };
		BDA899E02BB9CCA000D141C4 /* I_Am_PoorTests.swift */ = {isa = PBXFileReference; lastKnownFileType = sourcecode.swift; path = I_Am_PoorTests.swift; sourceTree = "<group>"; };
		BDA899E62BB9CCA000D141C4 /* I Am PoorUITests.xctest */ = {isa = PBXFileReference; explicitFileType = wrapper.cfbundle; includeInIndex = 0; path = "I Am PoorUITests.xctest"; sourceTree = BUILT_PRODUCTS_DIR; };
		BDA899EA2BB9CCA000D141C4 /* I_Am_PoorUITests.swift */ = {isa = PBXFileReference; lastKnownFileType = sourcecode.swift; path = I_Am_PoorUITests.swift; sourceTree = "<group>"; };
		BDA899EC2BB9CCA000D141C4 /* I_Am_PoorUITestsLaunchTests.swift */ = {isa = PBXFileReference; lastKnownFileType = sourcecode.swift; path = I_Am_PoorUITestsLaunchTests.swift; sourceTree = "<group>"; };
/* End PBXFileReference section */

/* Begin PBXFrameworksBuildPhase section */
		BDA899C32BB9CC9E00D141C4 /* Frameworks */ = {
			isa = PBXFrameworksBuildPhase;
			buildActionMask = 2147483647;
			files = (
			);
			runOnlyForDeploymentPostprocessing = 0;
		};
		BDA899D92BB9CCA000D141C4 /* Frameworks */ = {
			isa = PBXFrameworksBuildPhase;
			buildActionMask = 2147483647;
			files = (
			);
			runOnlyForDeploymentPostprocessing = 0;
		};
		BDA899E32BB9CCA000D141C4 /* Frameworks */ = {
			isa = PBXFrameworksBuildPhase;
			buildActionMask = 2147483647;
			files = (
			);
			runOnlyForDeploymentPostprocessing = 0;
		};
/* End PBXFrameworksBuildPhase section */

/* Begin PBXGroup section */
		BDA899BD2BB9CC9E00D141C4 = {
			isa = PBXGroup;
			children = (
				BDA899C82BB9CC9E00D141C4 /* I Am Poor */,
				BDA899DF2BB9CCA000D141C4 /* I Am PoorTests */,
				BDA899E92BB9CCA000D141C4 /* I Am PoorUITests */,
				BDA899C72BB9CC9E00D141C4 /* Products */,
			);
			sourceTree = "<group>";
		};
		BDA899C72BB9CC9E00D141C4 /* Products */ = {
			isa = PBXGroup;
			children = (
				BDA899C62BB9CC9E00D141C4 /* I Am Poor.app */,
				BDA899DC2BB9CCA000D141C4 /* I Am PoorTests.xctest */,
				BDA899E62BB9CCA000D141C4 /* I Am PoorUITests.xctest */,
			);
			name = Products;
			sourceTree = "<group>";
		};
		BDA899C82BB9CC9E00D141C4 /* I Am Poor */ = {
			isa = PBXGroup;
			children = (
				BDA899C92BB9CC9E00D141C4 /* AppDelegate.swift */,
				BDA899CB2BB9CC9E00D141C4 /* SceneDelegate.swift */,
				BDA899CD2BB9CC9E00D141C4 /* ViewController.swift */,
				BDA899CF2BB9CC9E00D141C4 /* Main.storyboard */,
				BDA899D22BB9CCA000D141C4 /* Assets.xcassets */,
				BDA899D42BB9CCA000D141C4 /* LaunchScreen.storyboard */,
				BDA899D72BB9CCA000D141C4 /* Info.plist */,
			);
			path = "I Am Poor";
			sourceTree = "<group>";
		};
		BDA899DF2BB9CCA000D141C4 /* I Am PoorTests */ = {
			isa = PBXGroup;
			children = (
				BDA899E02BB9CCA000D141C4 /* I_Am_PoorTests.swift */,
			);
			path = "I Am PoorTests";
			sourceTree = "<group>";
		};
		BDA899E92BB9CCA000D141C4 /* I Am PoorUITests */ = {
			isa = PBXGroup;
			children = (
				BDA899EA2BB9CCA000D141C4 /* I_Am_PoorUITests.swift */,
				BDA899EC2BB9CCA000D141C4 /* I_Am_PoorUITestsLaunchTests.swift */,
			);
			path = "I Am PoorUITests";
			sourceTree = "<group>";
		};
/* End PBXGroup section */

/* Begin PBXNativeTarget section */
		BDA899C52BB9CC9E00D141C4 /* I Am Poor */ = {
			isa = PBXNativeTarget;
			buildConfigurationList = BDA899F02BB9CCA000D141C4 /* Build configuration list for PBXNativeTarget "I Am Poor" */;
			buildPhases = (
				BDA899C22BB9CC9E00D141C4 /* Sources */,
				BDA899C32BB9CC9E00D141C4 /* Frameworks */,
				BDA899C42BB9CC9E00D141C4 /* Resources */,
			);
			buildRules = (
			);
			dependencies = (
			);
			name = "I Am Poor";
			productName = "I Am Poor";
			productReference = BDA899C62BB9CC9E00D141C4 /* I Am Poor.app */;
			productType = "com.apple.product-type.application";
		};
		BDA899DB2BB9CCA000D141C4 /* I Am PoorTests */ = {
			isa = PBXNativeTarget;
			buildConfigurationList = BDA899F32BB9CCA000D141C4 /* Build configuration list for PBXNativeTarget "I Am PoorTests" */;
			buildPhases = (
				BDA899D82BB9CCA000D141C4 /* Sources */,
				BDA899D92BB9CCA000D141C4 /* Frameworks */,
				BDA899DA2BB9CCA000D141C4 /* Resources */,
			);
			buildRules = (
			);
			dependencies = (
				BDA899DE2BB9CCA000D141C4 /* PBXTargetDependency */,
			);
			name = "I Am PoorTests";
			productName = "I Am PoorTests";
			productReference = BDA899DC2BB9CCA000D141C4 /* I Am PoorTests.xctest */;
			productType = "com.apple.product-type.bundle.unit-test";
		};
		BDA899E52BB9CCA000D141C4 /* I Am PoorUITests */ = {
			isa = PBXNativeTarget;
			buildConfigurationList = BDA899F62BB9CCA000D141C4 /* Build configuration list for PBXNativeTarget "I Am PoorUITests" */;
			buildPhases = (
				BDA899E22BB9CCA000D141C4 /* Sources */,
				BDA899E32BB9CCA000D141C4 /* Frameworks */,
				BDA899E42BB9CCA000D141C4 /* Resources */,
			);
			buildRules = (
			);
			dependencies = (
				BDA899E82BB9CCA000D141C4 /* PBXTargetDependency */,
			);
			name = "I Am PoorUITests";
			productName = "I Am PoorUITests";
			productReference = BDA899E62BB9CCA000D141C4 /* I Am PoorUITests.xctest */;
			productType = "com.apple.product-type.bundle.ui-testing";
		};
/* End PBXNativeTarget section */

/* Begin PBXProject section */
		BDA899BE2BB9CC9E00D141C4 /* Project object */ = {
			isa = PBXProject;
			attributes = {
				BuildIndependentTargetsInParallel = 1;
				LastSwiftUpdateCheck = 1530;
				LastUpgradeCheck = 1530;
				TargetAttributes = {
					BDA899C52BB9CC9E00D141C4 = {
						CreatedOnToolsVersion = 15.3;
					};
					BDA899DB2BB9CCA000D141C4 = {
						CreatedOnToolsVersion = 15.3;
						TestTargetID = BDA899C52BB9CC9E00D141C4;
					};
					BDA899E52BB9CCA000D141C4 = {
						CreatedOnToolsVersion = 15.3;
						TestTargetID = BDA899C52BB9CC9E00D141C4;
					};
				};
			};
			buildConfigurationList = BDA899C12BB9CC9E00D141C4 /* Build configuration list for PBXProject "I Am Poor" */;
			compatibilityVersion = "Xcode 14.0";
			developmentRegion = en;
			hasScannedForEncodings = 0;
			knownRegions = (
				en,
				Base,
			);
			mainGroup = BDA899BD2BB9CC9E00D141C4;
			productRefGroup = BDA899C72BB9CC9E00D141C4 /* Products */;
			projectDirPath = "";
			projectRoot = "";
			targets = (
				BDA899C52BB9CC9E00D141C4 /* I Am Poor */,
				BDA899DB2BB9CCA000D141C4 /* I Am PoorTests */,
				BDA899E52BB9CCA000D141C4 /* I Am PoorUITests */,
			);
		};
/* End PBXProject section */

/* Begin PBXResourcesBuildPhase section */
		BDA899C42BB9CC9E00D141C4 /* Resources */ = {
			isa = PBXResourcesBuildPhase;
			buildActionMask = 2147483647;
			files = (
				BDA899D32BB9CCA000D141C4 /* Assets.xcassets in Resources */,
				BDA899D62BB9CCA000D141C4 /* Base in Resources */,
				BDA899D12BB9CC9E00D141C4 /* Base in Resources */,
			);
			runOnlyForDeploymentPostprocessing = 0;
		};
		BDA899DA2BB9CCA000D141C4 /* Resources */ = {
			isa = PBXResourcesBuildPhase;
			buildActionMask = 2147483647;
			files = (
			);
			runOnlyForDeploymentPostprocessing = 0;
		};
		BDA899E42BB9CCA000D141C4 /* Resources */ = {
			isa = PBXResourcesBuildPhase;
			buildActionMask = 2147483647;
			files = (
			);
			runOnlyForDeploymentPostprocessing = 0;
		};
/* End PBXResourcesBuildPhase section */

/* Begin PBXSourcesBuildPhase section */
		BDA899C22BB9CC9E00D141C4 /* Sources */ = {
			isa = PBXSourcesBuildPhase;
			buildActionMask = 2147483647;
			files = (
				BDA899CE2BB9CC9E00D141C4 /* ViewController.swift in Sources */,
				BDA899CA2BB9CC9E00D141C4 /* AppDelegate.swift in Sources */,
				BDA899CC2BB9CC9E00D141C4 /* SceneDelegate.swift in Sources */,
			);
			runOnlyForDeploymentPostprocessing = 0;
		};
		BDA899D82BB9CCA000D141C4 /* Sources */ = {
			isa = PBXSourcesBuildPhase;
			buildActionMask = 2147483647;
			files = (
				BDA899E12BB9CCA000D141C4 /* I_Am_PoorTests.swift in Sources */,
			);
			runOnlyForDeploymentPostprocessing = 0;
		};
		BDA899E22BB9CCA000D141C4 /* Sources */ = {
			isa = PBXSourcesBuildPhase;
			buildActionMask = 2147483647;
			files = (
				BDA899ED2BB9CCA000D141C4 /* I_Am_PoorUITestsLaunchTests.swift in Sources */,
				BDA899EB2BB9CCA000D141C4 /* I_Am_PoorUITests.swift in Sources */,
			);
			runOnlyForDeploymentPostprocessing = 0;
		};
/* End PBXSourcesBuildPhase section */

/* Begin PBXTargetDependency section */
		BDA899DE2BB9CCA000D141C4 /* PBXTargetDependency */ = {
			isa = PBXTargetDependency;
			target = BDA899C52BB9CC9E00D141C4 /* I Am Poor */;
			targetProxy = BDA899DD2BB9CCA000D141C4 /* PBXContainerItemProxy */;
		};
		BDA899E82BB9CCA000D141C4 /* PBXTargetDependency */ = {
			isa = PBXTargetDependency;
			target = BDA899C52BB9CC9E00D141C4 /* I Am Poor */;
			targetProxy = BDA899E72BB9CCA000D141C4 /* PBXContainerItemProxy */;
		};
/* End PBXTargetDependency section */

/* Begin PBXVariantGroup section */
		BDA899CF2BB9CC9E00D141C4 /* Main.storyboard */ = {
			isa = PBXVariantGroup;
			children = (
				BDA899D02BB9CC9E00D141C4 /* Base */,
			);
			name = Main.storyboard;
			sourceTree = "<group>";
		};
		BDA899D42BB9CCA000D141C4 /* LaunchScreen.storyboard */ = {
			isa = PBXVariantGroup;
			children = (
				BDA899D52BB9CCA000D141C4 /* Base */,
			);
			name = LaunchScreen.storyboard;
			sourceTree = "<group>";
		};
/* End PBXVariantGroup section */

/* Begin XCBuildConfiguration section */
		BDA899EE2BB9CCA000D141C4 /* Debug */ = {
			isa = XCBuildConfiguration;
			buildSettings = {
				ALWAYS_SEARCH_USER_PATHS = NO;
				ASSETCATALOG_COMPILER_GENERATE_SWIFT_ASSET_SYMBOL_EXTENSIONS = YES;
				CLANG_ANALYZER_NONNULL = YES;
				CLANG_ANALYZER_NUMBER_OBJECT_CONVERSION = YES_AGGRESSIVE;
				CLANG_CXX_LANGUAGE_STANDARD = "gnu++20";
				CLANG_ENABLE_MODULES = YES;
				CLANG_ENABLE_OBJC_ARC = YES;
				CLANG_ENABLE_OBJC_WEAK = YES;
				CLANG_WARN_BLOCK_CAPTURE_AUTORELEASING = YES;
				CLANG_WARN_BOOL_CONVERSION = YES;
				CLANG_WARN_COMMA = YES;
				CLANG_WARN_CONSTANT_CONVERSION = YES;
				CLANG_WARN_DEPRECATED_OBJC_IMPLEMENTATIONS = YES;
				CLANG_WARN_DIRECT_OBJC_ISA_USAGE = YES_ERROR;
				CLANG_WARN_DOCUMENTATION_COMMENTS = YES;
				CLANG_WARN_EMPTY_BODY = YES;
				CLANG_WARN_ENUM_CONVERSION = YES;
				CLANG_WARN_INFINITE_RECURSION = YES;
				CLANG_WARN_INT_CONVERSION = YES;
				CLANG_WARN_NON_LITERAL_NULL_CONVERSION = YES;
				CLANG_WARN_OBJC_IMPLICIT_RETAIN_SELF = YES;
				CLANG_WARN_OBJC_LITERAL_CONVERSION = YES;
				CLANG_WARN_OBJC_ROOT_CLASS = YES_ERROR;
				CLANG_WARN_QUOTED_INCLUDE_IN_FRAMEWORK_HEADER = YES;
				CLANG_WARN_RANGE_LOOP_ANALYSIS = YES;
				CLANG_WARN_STRICT_PROTOTYPES = YES;
				CLANG_WARN_SUSPICIOUS_MOVE = YES;
				CLANG_WARN_UNGUARDED_AVAILABILITY = YES_AGGRESSIVE;
				CLANG_WARN_UNREACHABLE_CODE = YES;
				CLANG_WARN__DUPLICATE_METHOD_MATCH = YES;
				COPY_PHASE_STRIP = NO;
				DEBUG_INFORMATION_FORMAT = dwarf;
				ENABLE_STRICT_OBJC_MSGSEND = YES;
				ENABLE_TESTABILITY = YES;
				ENABLE_USER_SCRIPT_SANDBOXING = YES;
				GCC_C_LANGUAGE_STANDARD = gnu17;
				GCC_DYNAMIC_NO_PIC = NO;
				GCC_NO_COMMON_BLOCKS = YES;
				GCC_OPTIMIZATION_LEVEL = 0;
				GCC_PREPROCESSOR_DEFINITIONS = (
					"DEBUG=1",
					"$(inherited)",
				);
				GCC_WARN_64_TO_32_BIT_CONVERSION = YES;
				GCC_WARN_ABOUT_RETURN_TYPE = YES_ERROR;
				GCC_WARN_UNDECLARED_SELECTOR = YES;
				GCC_WARN_UNINITIALIZED_AUTOS = YES_AGGRESSIVE;
				GCC_WARN_UNUSED_FUNCTION = YES;
				GCC_WARN_UNUSED_VARIABLE = YES;
				IPHONEOS_DEPLOYMENT_TARGET = 17.4;
				LOCALIZATION_PREFERS_STRING_CATALOGS = YES;
				MTL_ENABLE_DEBUG_INFO = INCLUDE_SOURCE;
				MTL_FAST_MATH = YES;
				ONLY_ACTIVE_ARCH = YES;
				SDKROOT = iphoneos;
				SWIFT_ACTIVE_COMPILATION_CONDITIONS = "DEBUG $(inherited)";
				SWIFT_OPTIMIZATION_LEVEL = "-Onone";
			};
			name = Debug;
		};
		BDA899EF2BB9CCA000D141C4 /* Release */ = {
			isa = XCBuildConfiguration;
			buildSettings = {
				ALWAYS_SEARCH_USER_PATHS = NO;
				ASSETCATALOG_COMPILER_GENERATE_SWIFT_ASSET_SYMBOL_EXTENSIONS = YES;
				CLANG_ANALYZER_NONNULL = YES;
				CLANG_ANALYZER_NUMBER_OBJECT_CONVERSION = YES_AGGRESSIVE;
				CLANG_CXX_LANGUAGE_STANDARD = "gnu++20";
				CLANG_ENABLE_MODULES = YES;
				CLANG_ENABLE_OBJC_ARC = YES;
				CLANG_ENABLE_OBJC_WEAK = YES;
				CLANG_WARN_BLOCK_CAPTURE_AUTORELEASING = YES;
				CLANG_WARN_BOOL_CONVERSION = YES;
				CLANG_WARN_COMMA = YES;
				CLANG_WARN_CONSTANT_CONVERSION = YES;
				CLANG_WARN_DEPRECATED_OBJC_IMPLEMENTATIONS = YES;
				CLANG_WARN_DIRECT_OBJC_ISA_USAGE = YES_ERROR;
				CLANG_WARN_DOCUMENTATION_COMMENTS = YES;
				CLANG_WARN_EMPTY_BODY = YES;
				CLANG_WARN_ENUM_CONVERSION = YES;
				CLANG_WARN_INFINITE_RECURSION = YES;
				CLANG_WARN_INT_CONVERSION = YES;
				CLANG_WARN_NON_LITERAL_NULL_CONVERSION = YES;
				CLANG_WARN_OBJC_IMPLICIT_RETAIN_SELF = YES;
				CLANG_WARN_OBJC_LITERAL_CONVERSION = YES;
				CLANG_WARN_OBJC_ROOT_CLASS = YES_ERROR;
				CLANG_WARN_QUOTED_INCLUDE_IN_FRAMEWORK_HEADER = YES;
				CLANG_WARN_RANGE_LOOP_ANALYSIS = YES;
				CLANG_WARN_STRICT_PROTOTYPES = YES;
				CLANG_WARN_SUSPICIOUS_MOVE = YES;
				CLANG_WARN_UNGUARDED_AVAILABILITY = YES_AGGRESSIVE;
				CLANG_WARN_UNREACHABLE_CODE = YES;
				CLANG_WARN__DUPLICATE_METHOD_MATCH = YES;
				COPY_PHASE_STRIP = NO;
				DEBUG_INFORMATION_FORMAT = "dwarf-with-dsym";
				ENABLE_NS_ASSERTIONS = NO;
				ENABLE_STRICT_OBJC_MSGSEND = YES;
				ENABLE_USER_SCRIPT_SANDBOXING = YES;
				GCC_C_LANGUAGE_STANDARD = gnu17;
				GCC_NO_COMMON_BLOCKS = YES;
				GCC_WARN_64_TO_32_BIT_CONVERSION = YES;
				GCC_WARN_ABOUT_RETURN_TYPE = YES_ERROR;
				GCC_WARN_UNDECLARED_SELECTOR = YES;
				GCC_WARN_UNINITIALIZED_AUTOS = YES_AGGRESSIVE;
				GCC_WARN_UNUSED_FUNCTION = YES;
				GCC_WARN_UNUSED_VARIABLE = YES;
				IPHONEOS_DEPLOYMENT_TARGET = 17.4;
				LOCALIZATION_PREFERS_STRING_CATALOGS = YES;
				MTL_ENABLE_DEBUG_INFO = NO;
				MTL_FAST_MATH = YES;
				SDKROOT = iphoneos;
				SWIFT_COMPILATION_MODE = wholemodule;
				VALIDATE_PRODUCT = YES;
			};
			name = Release;
		};
		BDA899F12BB9CCA000D141C4 /* Debug */ = {
			isa = XCBuildConfiguration;
			buildSettings = {
				ASSETCATALOG_COMPILER_APPICON_NAME = AppIcon;
				ASSETCATALOG_COMPILER_GLOBAL_ACCENT_COLOR_NAME = AccentColor;
				CODE_SIGN_STYLE = Automatic;
				CURRENT_PROJECT_VERSION = 1;
				DEVELOPMENT_TEAM = 78FPN8NCNA;
				GENERATE_INFOPLIST_FILE = YES;
				INFOPLIST_FILE = "I Am Poor/Info.plist";
				INFOPLIST_KEY_UIApplicationSupportsIndirectInputEvents = YES;
				INFOPLIST_KEY_UILaunchStoryboardName = LaunchScreen;
				INFOPLIST_KEY_UIMainStoryboardFile = Main;
				INFOPLIST_KEY_UISupportedInterfaceOrientations_iPad = "UIInterfaceOrientationPortrait UIInterfaceOrientationPortraitUpsideDown UIInterfaceOrientationLandscapeLeft UIInterfaceOrientationLandscapeRight";
				INFOPLIST_KEY_UISupportedInterfaceOrientations_iPhone = "UIInterfaceOrientationPortrait UIInterfaceOrientationLandscapeLeft UIInterfaceOrientationLandscapeRight";
				IPHONEOS_DEPLOYMENT_TARGET = 13.0;
				LD_RUNPATH_SEARCH_PATHS = (
					"$(inherited)",
					"@executable_path/Frameworks",
				);
				MARKETING_VERSION = 1.0;
				PRODUCT_BUNDLE_IDENTIFIER = "com.TsarBombaInc.I-Am-Poor";
				PRODUCT_NAME = "$(TARGET_NAME)";
				SWIFT_EMIT_LOC_STRINGS = YES;
				SWIFT_VERSION = 5.0;
				TARGETED_DEVICE_FAMILY = "1,2";
			};
			name = Debug;
		};
		BDA899F22BB9CCA000D141C4 /* Release */ = {
			isa = XCBuildConfiguration;
			buildSettings = {
				ASSETCATALOG_COMPILER_APPICON_NAME = AppIcon;
				ASSETCATALOG_COMPILER_GLOBAL_ACCENT_COLOR_NAME = AccentColor;
				CODE_SIGN_STYLE = Automatic;
				CURRENT_PROJECT_VERSION = 1;
				DEVELOPMENT_TEAM = 78FPN8NCNA;
				GENERATE_INFOPLIST_FILE = YES;
				INFOPLIST_FILE = "I Am Poor/Info.plist";
				INFOPLIST_KEY_UIApplicationSupportsIndirectInputEvents = YES;
				INFOPLIST_KEY_UILaunchStoryboardName = LaunchScreen;
				INFOPLIST_KEY_UIMainStoryboardFile = Main;
				INFOPLIST_KEY_UISupportedInterfaceOrientations_iPad = "UIInterfaceOrientationPortrait UIInterfaceOrientationPortraitUpsideDown UIInterfaceOrientationLandscapeLeft UIInterfaceOrientationLandscapeRight";
				INFOPLIST_KEY_UISupportedInterfaceOrientations_iPhone = "UIInterfaceOrientationPortrait UIInterfaceOrientationLandscapeLeft UIInterfaceOrientationLandscapeRight";
				IPHONEOS_DEPLOYMENT_TARGET = 13.0;
				LD_RUNPATH_SEARCH_PATHS = (
					"$(inherited)",
					"@executable_path/Frameworks",
				);
				MARKETING_VERSION = 1.0;
				PRODUCT_BUNDLE_IDENTIFIER = "com.TsarBombaInc.I-Am-Poor";
				PRODUCT_NAME = "$(TARGET_NAME)";
				SWIFT_EMIT_LOC_STRINGS = YES;
				SWIFT_VERSION = 5.0;
				TARGETED_DEVICE_FAMILY = "1,2";
			};
			name = Release;
		};
		BDA899F42BB9CCA000D141C4 /* Debug */ = {
			isa = XCBuildConfiguration;
			buildSettings = {
				ALWAYS_EMBED_SWIFT_STANDARD_LIBRARIES = YES;
				BUNDLE_LOADER = "$(TEST_HOST)";
				CODE_SIGN_STYLE = Automatic;
				CURRENT_PROJECT_VERSION = 1;
				DEVELOPMENT_TEAM = 78FPN8NCNA;
				GENERATE_INFOPLIST_FILE = YES;
				IPHONEOS_DEPLOYMENT_TARGET = 17.4;
				MARKETING_VERSION = 1.0;
				PRODUCT_BUNDLE_IDENTIFIER = "com.TsarBombaInc.I-Am-PoorTests";
				PRODUCT_NAME = "$(TARGET_NAME)";
				SWIFT_EMIT_LOC_STRINGS = NO;
				SWIFT_VERSION = 5.0;
				TARGETED_DEVICE_FAMILY = "1,2";
				TEST_HOST = "$(BUILT_PRODUCTS_DIR)/I Am Poor.app/$(BUNDLE_EXECUTABLE_FOLDER_PATH)/I Am Poor";
			};
			name = Debug;
		};
		BDA899F52BB9CCA000D141C4 /* Release */ = {
			isa = XCBuildConfiguration;
			buildSettings = {
				ALWAYS_EMBED_SWIFT_STANDARD_LIBRARIES = YES;
				BUNDLE_LOADER = "$(TEST_HOST)";
				CODE_SIGN_STYLE = Automatic;
				CURRENT_PROJECT_VERSION = 1;
				DEVELOPMENT_TEAM = 78FPN8NCNA;
				GENERATE_INFOPLIST_FILE = YES;
				IPHONEOS_DEPLOYMENT_TARGET = 17.4;
				MARKETING_VERSION = 1.0;
				PRODUCT_BUNDLE_IDENTIFIER = "com.TsarBombaInc.I-Am-PoorTests";
				PRODUCT_NAME = "$(TARGET_NAME)";
				SWIFT_EMIT_LOC_STRINGS = NO;
				SWIFT_VERSION = 5.0;
				TARGETED_DEVICE_FAMILY = "1,2";
				TEST_HOST = "$(BUILT_PRODUCTS_DIR)/I Am Poor.app/$(BUNDLE_EXECUTABLE_FOLDER_PATH)/I Am Poor";
			};
			name = Release;
		};
		BDA899F72BB9CCA000D141C4 /* Debug */ = {
			isa = XCBuildConfiguration;
			buildSettings = {
				ALWAYS_EMBED_SWIFT_STANDARD_LIBRARIES = YES;
				CODE_SIGN_STYLE = Automatic;
				CURRENT_PROJECT_VERSION = 1;
				DEVELOPMENT_TEAM = 78FPN8NCNA;
				GENERATE_INFOPLIST_FILE = YES;
				MARKETING_VERSION = 1.0;
				PRODUCT_BUNDLE_IDENTIFIER = "com.TsarBombaInc.I-Am-PoorUITests";
				PRODUCT_NAME = "$(TARGET_NAME)";
				SWIFT_EMIT_LOC_STRINGS = NO;
				SWIFT_VERSION = 5.0;
				TARGETED_DEVICE_FAMILY = "1,2";
				TEST_TARGET_NAME = "I Am Poor";
			};
			name = Debug;
		};
		BDA899F82BB9CCA000D141C4 /* Release */ = {
			isa = XCBuildConfiguration;
			buildSettings = {
				ALWAYS_EMBED_SWIFT_STANDARD_LIBRARIES = YES;
				CODE_SIGN_STYLE = Automatic;
				CURRENT_PROJECT_VERSION = 1;
				DEVELOPMENT_TEAM = 78FPN8NCNA;
				GENERATE_INFOPLIST_FILE = YES;
				MARKETING_VERSION = 1.0;
				PRODUCT_BUNDLE_IDENTIFIER = "com.TsarBombaInc.I-Am-PoorUITests";
				PRODUCT_NAME = "$(TARGET_NAME)";
				SWIFT_EMIT_LOC_STRINGS = NO;
				SWIFT_VERSION = 5.0;
				TARGETED_DEVICE_FAMILY = "1,2";
				TEST_TARGET_NAME = "I Am Poor";
			};
			name = Release;
		};
/* End XCBuildConfiguration section */

/* Begin XCConfigurationList section */
		BDA899C12BB9CC9E00D141C4 /* Build configuration list for PBXProject "I Am Poor" */ = {
			isa = XCConfigurationList;
			buildConfigurations = (
				BDA899EE2BB9CCA000D141C4 /* Debug */,
				BDA899EF2BB9CCA000D141C4 /* Release */,
			);
			defaultConfigurationIsVisible = 0;
			defaultConfigurationName = Release;
		};
		BDA899F02BB9CCA000D141C4 /* Build configuration list for PBXNativeTarget "I Am Poor" */ = {
			isa = XCConfigurationList;
			buildConfigurations = (
				BDA899F12BB9CCA000D141C4 /* Debug */,
				BDA899F22BB9CCA000D141C4 /* Release */,
			);
			defaultConfigurationIsVisible = 0;
			defaultConfigurationName = Release;
		};
		BDA899F32BB9CCA000D141C4 /* Build configuration list for PBXNativeTarget "I Am PoorTests" */ = {
			isa = XCConfigurationList;
			buildConfigurations = (
				BDA899F42BB9CCA000D141C4 /* Debug */,
				BDA899F52BB9CCA000D141C4 /* Release */,
			);
			defaultConfigurationIsVisible = 0;
			defaultConfigurationName = Release;
		};
		BDA899F62BB9CCA000D141C4 /* Build configuration list for PBXNativeTarget "I Am PoorUITests" */ = {
			isa = XCConfigurationList;
			buildConfigurations = (
				BDA899F72BB9CCA000D141C4 /* Debug */,
				BDA899F82BB9CCA000D141C4 /* Release */,
			);
			defaultConfigurationIsVisible = 0;
			defaultConfigurationName = Release;
		};
/* End XCConfigurationList section */
	};
	rootObject = BDA899BE2BB9CC9E00D141C4 /* Project object */;
}
